// !$*UTF8*$!
{
	archiveVersion = 1;
	classes = {
	};
	objectVersion = 50;
	objects = {

/* Begin PBXBuildFile section */
		692EE6872171A6360011300F /* Temple.swift in Sources */ = {isa = PBXBuildFile; fileRef = 692EE6862171A6360011300F /* Temple.swift */; };
		692EE6892171A6480011300F /* TempleDeck.swift in Sources */ = {isa = PBXBuildFile; fileRef = 692EE6882171A6480011300F /* TempleDeck.swift */; };
		692EE68B2171A8DB0011300F /* TempleCardView.swift in Sources */ = {isa = PBXBuildFile; fileRef = 692EE68A2171A8DB0011300F /* TempleCardView.swift */; };
		697BC7D321719EB3009097D3 /* AppDelegate.swift in Sources */ = {isa = PBXBuildFile; fileRef = 697BC7D221719EB3009097D3 /* AppDelegate.swift */; };
		697BC7D821719EB3009097D3 /* Main.storyboard in Resources */ = {isa = PBXBuildFile; fileRef = 697BC7D621719EB3009097D3 /* Main.storyboard */; };
		697BC7DA21719EB5009097D3 /* Assets.xcassets in Resources */ = {isa = PBXBuildFile; fileRef = 697BC7D921719EB5009097D3 /* Assets.xcassets */; };
		697BC7DD21719EB5009097D3 /* LaunchScreen.storyboard in Resources */ = {isa = PBXBuildFile; fileRef = 697BC7DB21719EB5009097D3 /* LaunchScreen.storyboard */; };
		697BC7E921719FCA009097D3 /* TempleListViewController.swift in Sources */ = {isa = PBXBuildFile; fileRef = 697BC7E821719FCA009097D3 /* TempleListViewController.swift */; };
		698E03C3217834CE0068C2A8 /* TempleCardCell.swift in Sources */ = {isa = PBXBuildFile; fileRef = 698E03C2217834CE0068C2A8 /* TempleCardCell.swift */; };
/* End PBXBuildFile section */

/* Begin PBXFileReference section */
		692EE6862171A6360011300F /* Temple.swift */ = {isa = PBXFileReference; lastKnownFileType = sourcecode.swift; path = Temple.swift; sourceTree = "<group>"; };
		692EE6882171A6480011300F /* TempleDeck.swift */ = {isa = PBXFileReference; lastKnownFileType = sourcecode.swift; path = TempleDeck.swift; sourceTree = "<group>"; };
		692EE68A2171A8DB0011300F /* TempleCardView.swift */ = {isa = PBXFileReference; lastKnownFileType = sourcecode.swift; path = TempleCardView.swift; sourceTree = "<group>"; };
		697BC7CF21719EB3009097D3 /* Project 2 Sou Mizobuchi.app */ = {isa = PBXFileReference; explicitFileType = wrapper.application; includeInIndex = 0; path = "Project 2 Sou Mizobuchi.app"; sourceTree = BUILT_PRODUCTS_DIR; };
		697BC7D221719EB3009097D3 /* AppDelegate.swift */ = {isa = PBXFileReference; lastKnownFileType = sourcecode.swift; path = AppDelegate.swift; sourceTree = "<group>"; };
		697BC7D721719EB3009097D3 /* Base */ = {isa = PBXFileReference; lastKnownFileType = file.storyboard; name = Base; path = Base.lproj/Main.storyboard; sourceTree = "<group>"; };
		697BC7D921719EB5009097D3 /* Assets.xcassets */ = {isa = PBXFileReference; lastKnownFileType = folder.assetcatalog; path = Assets.xcassets; sourceTree = "<group>"; };
		697BC7DC21719EB5009097D3 /* Base */ = {isa = PBXFileReference; lastKnownFileType = file.storyboard; name = Base; path = Base.lproj/LaunchScreen.storyboard; sourceTree = "<group>"; };
		697BC7DE21719EB5009097D3 /* Info.plist */ = {isa = PBXFileReference; lastKnownFileType = text.plist.xml; path = Info.plist; sourceTree = "<group>"; };
		697BC7E821719FCA009097D3 /* TempleListViewController.swift */ = {isa = PBXFileReference; lastKnownFileType = sourcecode.swift; path = TempleListViewController.swift; sourceTree = "<group>"; };
		698E03C2217834CE0068C2A8 /* TempleCardCell.swift */ = {isa = PBXFileReference; lastKnownFileType = sourcecode.swift; path = TempleCardCell.swift; sourceTree = "<group>"; };
/* End PBXFileReference section */

/* Begin PBXFrameworksBuildPhase section */
		697BC7CC21719EB3009097D3 /* Frameworks */ = {
			isa = PBXFrameworksBuildPhase;
			buildActionMask = 2147483647;
			files = (
			);
			runOnlyForDeploymentPostprocessing = 0;
		};
/* End PBXFrameworksBuildPhase section */

/* Begin PBXGroup section */
		697BC7C621719EB3009097D3 = {
			isa = PBXGroup;
			children = (
				697BC7D121719EB3009097D3 /* Project 2 Sou Mizobuchi */,
				697BC7D021719EB3009097D3 /* Products */,
			);
			sourceTree = "<group>";
		};
		697BC7D021719EB3009097D3 /* Products */ = {
			isa = PBXGroup;
			children = (
				697BC7CF21719EB3009097D3 /* Project 2 Sou Mizobuchi.app */,
			);
			name = Products;
			sourceTree = "<group>";
		};
		697BC7D121719EB3009097D3 /* Project 2 Sou Mizobuchi */ = {
			isa = PBXGroup;
			children = (
				697BC7E721719F55009097D3 /* Controller */,
				697BC7E621719F4D009097D3 /* Model */,
				697BC7E421719F11009097D3 /* View */,
				697BC7D221719EB3009097D3 /* AppDelegate.swift */,
				697BC7D921719EB5009097D3 /* Assets.xcassets */,
				697BC7DB21719EB5009097D3 /* LaunchScreen.storyboard */,
				697BC7DE21719EB5009097D3 /* Info.plist */,
			);
			path = "Project 2 Sou Mizobuchi";
			sourceTree = "<group>";
		};
		697BC7E421719F11009097D3 /* View */ = {
			isa = PBXGroup;
			children = (
				697BC7D621719EB3009097D3 /* Main.storyboard */,
				692EE68A2171A8DB0011300F /* TempleCardView.swift */,
				698E03C2217834CE0068C2A8 /* TempleCardCell.swift */,
			);
			path = View;
			sourceTree = "<group>";
		};
		697BC7E621719F4D009097D3 /* Model */ = {
			isa = PBXGroup;
			children = (
				692EE6862171A6360011300F /* Temple.swift */,
				692EE6882171A6480011300F /* TempleDeck.swift */,
			);
			path = Model;
			sourceTree = "<group>";
		};
		697BC7E721719F55009097D3 /* Controller */ = {
			isa = PBXGroup;
			children = (
				697BC7E821719FCA009097D3 /* TempleListViewController.swift */,
			);
			path = Controller;
			sourceTree = "<group>";
		};
/* End PBXGroup section */

/* Begin PBXNativeTarget section */
		697BC7CE21719EB3009097D3 /* Project 2 Sou Mizobuchi */ = {
			isa = PBXNativeTarget;
			buildConfigurationList = 697BC7E121719EB5009097D3 /* Build configuration list for PBXNativeTarget "Project 2 Sou Mizobuchi" */;
			buildPhases = (
				697BC7CB21719EB3009097D3 /* Sources */,
				697BC7CC21719EB3009097D3 /* Frameworks */,
				697BC7CD21719EB3009097D3 /* Resources */,
			);
			buildRules = (
			);
			dependencies = (
			);
			name = "Project 2 Sou Mizobuchi";
			productName = "Project 2 Sou Mizobuchi";
			productReference = 697BC7CF21719EB3009097D3 /* Project 2 Sou Mizobuchi.app */;
			productType = "com.apple.product-type.application";
		};
/* End PBXNativeTarget section */

/* Begin PBXProject section */
		697BC7C721719EB3009097D3 /* Project object */ = {
			isa = PBXProject;
			attributes = {
				LastSwiftUpdateCheck = 1000;
				LastUpgradeCheck = 1000;
				ORGANIZATIONNAME = IS543;
				TargetAttributes = {
					697BC7CE21719EB3009097D3 = {
						CreatedOnToolsVersion = 10.0;
					};
				};
			};
			buildConfigurationList = 697BC7CA21719EB3009097D3 /* Build configuration list for PBXProject "Project 2 Sou Mizobuchi" */;
			compatibilityVersion = "Xcode 9.3";
			developmentRegion = en;
			hasScannedForEncodings = 0;
			knownRegions = (
				en,
				Base,
			);
			mainGroup = 697BC7C621719EB3009097D3;
			productRefGroup = 697BC7D021719EB3009097D3 /* Products */;
			projectDirPath = "";
			projectRoot = "";
			targets = (
				697BC7CE21719EB3009097D3 /* Project 2 Sou Mizobuchi */,
			);
		};
/* End PBXProject section */

/* Begin PBXResourcesBuildPhase section */
		697BC7CD21719EB3009097D3 /* Resources */ = {
			isa = PBXResourcesBuildPhase;
			buildActionMask = 2147483647;
			files = (
				697BC7DD21719EB5009097D3 /* LaunchScreen.storyboard in Resources */,
				697BC7DA21719EB5009097D3 /* Assets.xcassets in Resources */,
				697BC7D821719EB3009097D3 /* Main.storyboard in Resources */,
			);
			runOnlyForDeploymentPostprocessing = 0;
		};
/* End PBXResourcesBuildPhase section */

/* Begin PBXSourcesBuildPhase section */
		697BC7CB21719EB3009097D3 /* Sources */ = {
			isa = PBXSourcesBuildPhase;
			buildActionMask = 2147483647;
			files = (
				692EE68B2171A8DB0011300F /* TempleCardView.swift in Sources */,
				692EE6892171A6480011300F /* TempleDeck.swift in Sources */,
				698E03C3217834CE0068C2A8 /* TempleCardCell.swift in Sources */,
				697BC7D321719EB3009097D3 /* AppDelegate.swift in Sources */,
				697BC7E921719FCA009097D3 /* TempleListViewController.swift in Sources */,
				692EE6872171A6360011300F /* Temple.swift in Sources */,
			);
			runOnlyForDeploymentPostprocessing = 0;
		};
/* End PBXSourcesBuildPhase section */

/* Begin PBXVariantGroup section */
		697BC7D621719EB3009097D3 /* Main.storyboard */ = {
			isa = PBXVariantGroup;
			children = (
				697BC7D721719EB3009097D3 /* Base */,
			);
			name = Main.storyboard;
			sourceTree = "<group>";
		};
		697BC7DB21719EB5009097D3 /* LaunchScreen.storyboard */ = {
			isa = PBXVariantGroup;
			children = (
				697BC7DC21719EB5009097D3 /* Base */,
			);
			name = LaunchScreen.storyboard;
			sourceTree = "<group>";
		};
/* End PBXVariantGroup section */

/* Begin XCBuildConfiguration section */
		697BC7DF21719EB5009097D3 /* Debug */ = {
			isa = XCBuildConfiguration;
			buildSettings = {
				ALWAYS_SEARCH_USER_PATHS = NO;
				CLANG_ANALYZER_NONNULL = YES;
				CLANG_ANALYZER_NUMBER_OBJECT_CONVERSION = YES_AGGRESSIVE;
				CLANG_CXX_LANGUAGE_STANDARD = "gnu++14";
				CLANG_CXX_LIBRARY = "libc++";
				CLANG_ENABLE_MODULES = YES;
				CLANG_ENABLE_OBJC_ARC = YES;
				CLANG_ENABLE_OBJC_WEAK = YES;
				CLANG_WARN_BLOCK_CAPTURE_AUTORELEASING = YES;
				CLANG_WARN_BOOL_CONVERSION = YES;
				CLANG_WARN_COMMA = YES;
				CLANG_WARN_CONSTANT_CONVERSION = YES;
				CLANG_WARN_DEPRECATED_OBJC_IMPLEMENTATIONS = YES;
				CLANG_WARN_DIRECT_OBJC_ISA_USAGE = YES_ERROR;
				CLANG_WARN_DOCUMENTATION_COMMENTS = YES;
				CLANG_WARN_EMPTY_BODY = YES;
				CLANG_WARN_ENUM_CONVERSION = YES;
				CLANG_WARN_INFINITE_RECURSION = YES;
				CLANG_WARN_INT_CONVERSION = YES;
				CLANG_WARN_NON_LITERAL_NULL_CONVERSION = YES;
				CLANG_WARN_OBJC_IMPLICIT_RETAIN_SELF = YES;
				CLANG_WARN_OBJC_LITERAL_CONVERSION = YES;
				CLANG_WARN_OBJC_ROOT_CLASS = YES_ERROR;
				CLANG_WARN_RANGE_LOOP_ANALYSIS = YES;
				CLANG_WARN_STRICT_PROTOTYPES = YES;
				CLANG_WARN_SUSPICIOUS_MOVE = YES;
				CLANG_WARN_UNGUARDED_AVAILABILITY = YES_AGGRESSIVE;
				CLANG_WARN_UNREACHABLE_CODE = YES;
				CLANG_WARN__DUPLICATE_METHOD_MATCH = YES;
				CODE_SIGN_IDENTITY = "iPhone Developer";
				COPY_PHASE_STRIP = NO;
				DEBUG_INFORMATION_FORMAT = dwarf;
				ENABLE_STRICT_OBJC_MSGSEND = YES;
				ENABLE_TESTABILITY = YES;
				GCC_C_LANGUAGE_STANDARD = gnu11;
				GCC_DYNAMIC_NO_PIC = NO;
				GCC_NO_COMMON_BLOCKS = YES;
				GCC_OPTIMIZATION_LEVEL = 0;
				GCC_PREPROCESSOR_DEFINITIONS = (
					"DEBUG=1",
					"$(inherited)",
				);
				GCC_WARN_64_TO_32_BIT_CONVERSION = YES;
				GCC_WARN_ABOUT_RETURN_TYPE = YES_ERROR;
				GCC_WARN_UNDECLARED_SELECTOR = YES;
				GCC_WARN_UNINITIALIZED_AUTOS = YES_AGGRESSIVE;
				GCC_WARN_UNUSED_FUNCTION = YES;
				GCC_WARN_UNUSED_VARIABLE = YES;
				IPHONEOS_DEPLOYMENT_TARGET = 12.0;
				MTL_ENABLE_DEBUG_INFO = INCLUDE_SOURCE;
				MTL_FAST_MATH = YES;
				ONLY_ACTIVE_ARCH = YES;
				SDKROOT = iphoneos;
				SWIFT_ACTIVE_COMPILATION_CONDITIONS = DEBUG;
				SWIFT_OPTIMIZATION_LEVEL = "-Onone";
			};
			name = Debug;
		};
		697BC7E021719EB5009097D3 /* Release */ = {
			isa = XCBuildConfiguration;
			buildSettings = {
				ALWAYS_SEARCH_USER_PATHS = NO;
				CLANG_ANALYZER_NONNULL = YES;
				CLANG_ANALYZER_NUMBER_OBJECT_CONVERSION = YES_AGGRESSIVE;
				CLANG_CXX_LANGUAGE_STANDARD = "gnu++14";
				CLANG_CXX_LIBRARY = "libc++";
				CLANG_ENABLE_MODULES = YES;
				CLANG_ENABLE_OBJC_ARC = YES;
				CLANG_ENABLE_OBJC_WEAK = YES;
				CLANG_WARN_BLOCK_CAPTURE_AUTORELEASING = YES;
				CLANG_WARN_BOOL_CONVERSION = YES;
				CLANG_WARN_COMMA = YES;
				CLANG_WARN_CONSTANT_CONVERSION = YES;
				CLANG_WARN_DEPRECATED_OBJC_IMPLEMENTATIONS = YES;
				CLANG_WARN_DIRECT_OBJC_ISA_USAGE = YES_ERROR;
				CLANG_WARN_DOCUMENTATION_COMMENTS = YES;
				CLANG_WARN_EMPTY_BODY = YES;
				CLANG_WARN_ENUM_CONVERSION = YES;
				CLANG_WARN_INFINITE_RECURSION = YES;
				CLANG_WARN_INT_CONVERSION = YES;
				CLANG_WARN_NON_LITERAL_NULL_CONVERSION = YES;
				CLANG_WARN_OBJC_IMPLICIT_RETAIN_SELF = YES;
				CLANG_WARN_OBJC_LITERAL_CONVERSION = YES;
				CLANG_WARN_OBJC_ROOT_CLASS = YES_ERROR;
				CLANG_WARN_RANGE_LOOP_ANALYSIS = YES;
				CLANG_WARN_STRICT_PROTOTYPES = YES;
				CLANG_WARN_SUSPICIOUS_MOVE = YES;
				CLANG_WARN_UNGUARDED_AVAILABILITY = YES_AGGRESSIVE;
				CLANG_WARN_UNREACHABLE_CODE = YES;
				CLANG_WARN__DUPLICATE_METHOD_MATCH = YES;
				CODE_SIGN_IDENTITY = "iPhone Developer";
				COPY_PHASE_STRIP = NO;
				DEBUG_INFORMATION_FORMAT = "dwarf-with-dsym";
				ENABLE_NS_ASSERTIONS = NO;
				ENABLE_STRICT_OBJC_MSGSEND = YES;
				GCC_C_LANGUAGE_STANDARD = gnu11;
				GCC_NO_COMMON_BLOCKS = YES;
				GCC_WARN_64_TO_32_BIT_CONVERSION = YES;
				GCC_WARN_ABOUT_RETURN_TYPE = YES_ERROR;
				GCC_WARN_UNDECLARED_SELECTOR = YES;
				GCC_WARN_UNINITIALIZED_AUTOS = YES_AGGRESSIVE;
				GCC_WARN_UNUSED_FUNCTION = YES;
				GCC_WARN_UNUSED_VARIABLE = YES;
				IPHONEOS_DEPLOYMENT_TARGET = 12.0;
				MTL_ENABLE_DEBUG_INFO = NO;
				MTL_FAST_MATH = YES;
				SDKROOT = iphoneos;
				SWIFT_COMPILATION_MODE = wholemodule;
				SWIFT_OPTIMIZATION_LEVEL = "-O";
				VALIDATE_PRODUCT = YES;
			};
			name = Release;
		};
		697BC7E221719EB5009097D3 /* Debug */ = {
			isa = XCBuildConfiguration;
			buildSettings = {
				ASSETCATALOG_COMPILER_APPICON_NAME = AppIcon;
				CODE_SIGN_STYLE = Automatic;
				INFOPLIST_FILE = "Project 2 Sou Mizobuchi/Info.plist";
				LD_RUNPATH_SEARCH_PATHS = (
					"$(inherited)",
					"@executable_path/Frameworks",
				);
				PRODUCT_BUNDLE_IDENTIFIER = "IS543.Project-2-Sou-Mizobuchi";
				PRODUCT_NAME = "$(TARGET_NAME)";
				SWIFT_VERSION = 4.2;
				TARGETED_DEVICE_FAMILY = 1;
			};
			name = Debug;
		};
		697BC7E321719EB5009097D3 /* Release */ = {
			isa = XCBuildConfiguration;
			buildSettings = {
				ASSETCATALOG_COMPILER_APPICON_NAME = AppIcon;
				CODE_SIGN_STYLE = Automatic;
				INFOPLIST_FILE = "Project 2 Sou Mizobuchi/Info.plist";
				LD_RUNPATH_SEARCH_PATHS = (
					"$(inherited)",
					"@executable_path/Frameworks",
				);
				PRODUCT_BUNDLE_IDENTIFIER = "IS543.Project-2-Sou-Mizobuchi";
				PRODUCT_NAME = "$(TARGET_NAME)";
				SWIFT_VERSION = 4.2;
				TARGETED_DEVICE_FAMILY = 1;
			};
			name = Release;
		};
/* End XCBuildConfiguration section */

/* Begin XCConfigurationList section */
		697BC7CA21719EB3009097D3 /* Build configuration list for PBXProject "Project 2 Sou Mizobuchi" */ = {
			isa = XCConfigurationList;
			buildConfigurations = (
				697BC7DF21719EB5009097D3 /* Debug */,
				697BC7E021719EB5009097D3 /* Release */,
			);
			defaultConfigurationIsVisible = 0;
			defaultConfigurationName = Release;
		};
		697BC7E121719EB5009097D3 /* Build configuration list for PBXNativeTarget "Project 2 Sou Mizobuchi" */ = {
			isa = XCConfigurationList;
			buildConfigurations = (
				697BC7E221719EB5009097D3 /* Debug */,
				697BC7E321719EB5009097D3 /* Release */,
			);
			defaultConfigurationIsVisible = 0;
			defaultConfigurationName = Release;
		};
/* End XCConfigurationList section */
	};
	rootObject = 697BC7C721719EB3009097D3 /* Project object */;
}
